
Microsoft Visual Studio Solution File, Format Version 12.00
# Visual Studio Version 16
VisualStudioVersion = 16.0.30413.136
MinimumVisualStudioVersion = 10.0.40219.1
Project("{FAE04EC0-301F-11D3-BF4B-00C04F79EFBC}") = "DependencyInjectionUnityContainerMVC5_Demo", "DependencyInjectionUnityContainerMVC5_Demo\DependencyInjectionUnityContainerMVC5_Demo.csproj", "{97E88292-3EC2-4FBE-B349-AC69E2365C81}"
EndProject
Global
	GlobalSection(SolutionConfigurationPlatforms) = preSolution
		Debug|Any CPU = Debug|Any CPU
		Release|Any CPU = Release|Any CPU
	EndGlobalSection
	GlobalSection(ProjectConfigurationPlatforms) = postSolution
		{97E88292-3EC2-4FBE-B349-AC69E2365C81}.Debug|Any CPU.ActiveCfg = Debug|Any CPU
		{97E88292-3EC2-4FBE-B349-AC69E2365C81}.Debug|Any CPU.Build.0 = Debug|Any CPU
		{97E88292-3EC2-4FBE-B349-AC69E2365C81}.Release|Any CPU.ActiveCfg = Release|Any CPU
		{97E88292-3EC2-4FBE-B349-AC69E2365C81}.Release|Any CPU.Build.0 = Release|Any CPU
	EndGlobalSection
	GlobalSection(SolutionProperties) = preSolution
		HideSolutionNode = FALSE
	EndGlobalSection
	GlobalSection(ExtensibilityGlobals) = postSolution
		SolutionGuid = {AA2AD676-A49F-4DF2-B9BA-2BA3D49A9209}
	EndGlobalSection
EndGlobal
